// !$*UTF8*$!
{
	archiveVersion = 1;
	classes = {
	};
	objectVersion = 46;
	objects = {

/* Begin PBXBuildFile section */
		D851FEC41A96776100D05626 /* GameViewController.swift in Sources */ = {isa = PBXBuildFile; fileRef = D851FEC31A96776100D05626 /* GameViewController.swift */; };
		D852A5FE1A94152C00EA64EC /* CustomButton.swift in Sources */ = {isa = PBXBuildFile; fileRef = D852A5FD1A94152C00EA64EC /* CustomButton.swift */; };
		D85F48ED1A93EA29000E7FA9 /* AppDelegate.swift in Sources */ = {isa = PBXBuildFile; fileRef = D85F48EC1A93EA29000E7FA9 /* AppDelegate.swift */; };
		D85F48F21A93EA29000E7FA9 /* Main.storyboard in Resources */ = {isa = PBXBuildFile; fileRef = D85F48F01A93EA29000E7FA9 /* Main.storyboard */; };
		D85F48F41A93EA29000E7FA9 /* Images.xcassets in Resources */ = {isa = PBXBuildFile; fileRef = D85F48F31A93EA29000E7FA9 /* Images.xcassets */; };
		D85F48F71A93EA29000E7FA9 /* LaunchScreen.xib in Resources */ = {isa = PBXBuildFile; fileRef = D85F48F51A93EA29000E7FA9 /* LaunchScreen.xib */; };
		D85F49031A93EA29000E7FA9 /* BajaCheckersTests.swift in Sources */ = {isa = PBXBuildFile; fileRef = D85F49021A93EA29000E7FA9 /* BajaCheckersTests.swift */; };
		D878CBC01A9503E200F655B2 /* SelectGameTableViewController.swift in Sources */ = {isa = PBXBuildFile; fileRef = D878CBBF1A9503E200F655B2 /* SelectGameTableViewController.swift */; };
		D878CBC21A95045700F655B2 /* GameTableViewCell.swift in Sources */ = {isa = PBXBuildFile; fileRef = D878CBC11A95045700F655B2 /* GameTableViewCell.swift */; };
		D878CBC41A95073C00F655B2 /* BoardView.swift in Sources */ = {isa = PBXBuildFile; fileRef = D878CBC31A95073C00F655B2 /* BoardView.swift */; };
		D878CBC61A9507C300F655B2 /* GamePiece.swift in Sources */ = {isa = PBXBuildFile; fileRef = D878CBC51A9507C300F655B2 /* GamePiece.swift */; };
		D878CBCA1A95093D00F655B2 /* LoginViewController.swift in Sources */ = {isa = PBXBuildFile; fileRef = D878CBC91A95093D00F655B2 /* LoginViewController.swift */; };
		D878CBCC1A95190B00F655B2 /* API.swift in Sources */ = {isa = PBXBuildFile; fileRef = D878CBCB1A95190B00F655B2 /* API.swift */; };
		D878CBD01A96326B00F655B2 /* GameModel.swift in Sources */ = {isa = PBXBuildFile; fileRef = D878CBCF1A96326B00F655B2 /* GameModel.swift */; };
		D8E8F87F1A97B2EC003EBB5F /* DevelopersTableViewController.swift in Sources */ = {isa = PBXBuildFile; fileRef = D8E8F87E1A97B2EC003EBB5F /* DevelopersTableViewController.swift */; };
/* End PBXBuildFile section */

/* Begin PBXContainerItemProxy section */
		D85F48FD1A93EA29000E7FA9 /* PBXContainerItemProxy */ = {
			isa = PBXContainerItemProxy;
			containerPortal = D85F48DF1A93EA29000E7FA9 /* Project object */;
			proxyType = 1;
			remoteGlobalIDString = D85F48E61A93EA29000E7FA9;
			remoteInfo = BajaCheckers;
		};
/* End PBXContainerItemProxy section */

/* Begin PBXFileReference section */
		D851FEC31A96776100D05626 /* GameViewController.swift */ = {isa = PBXFileReference; fileEncoding = 4; lastKnownFileType = sourcecode.swift; path = GameViewController.swift; sourceTree = "<group>"; };
		D852A5FD1A94152C00EA64EC /* CustomButton.swift */ = {isa = PBXFileReference; fileEncoding = 4; lastKnownFileType = sourcecode.swift; path = CustomButton.swift; sourceTree = "<group>"; };
		D85F48E71A93EA29000E7FA9 /* BajaCheckers.app */ = {isa = PBXFileReference; explicitFileType = wrapper.application; includeInIndex = 0; path = BajaCheckers.app; sourceTree = BUILT_PRODUCTS_DIR; };
		D85F48EB1A93EA29000E7FA9 /* Info.plist */ = {isa = PBXFileReference; lastKnownFileType = text.plist.xml; path = Info.plist; sourceTree = "<group>"; };
		D85F48EC1A93EA29000E7FA9 /* AppDelegate.swift */ = {isa = PBXFileReference; lastKnownFileType = sourcecode.swift; path = AppDelegate.swift; sourceTree = "<group>"; };
		D85F48F11A93EA29000E7FA9 /* Base */ = {isa = PBXFileReference; lastKnownFileType = file.storyboard; name = Base; path = Base.lproj/Main.storyboard; sourceTree = "<group>"; };
		D85F48F31A93EA29000E7FA9 /* Images.xcassets */ = {isa = PBXFileReference; lastKnownFileType = folder.assetcatalog; path = Images.xcassets; sourceTree = "<group>"; };
		D85F48F61A93EA29000E7FA9 /* Base */ = {isa = PBXFileReference; lastKnownFileType = file.xib; name = Base; path = Base.lproj/LaunchScreen.xib; sourceTree = "<group>"; };
		D85F48FC1A93EA29000E7FA9 /* BajaCheckersTests.xctest */ = {isa = PBXFileReference; explicitFileType = wrapper.cfbundle; includeInIndex = 0; path = BajaCheckersTests.xctest; sourceTree = BUILT_PRODUCTS_DIR; };
		D85F49011A93EA29000E7FA9 /* Info.plist */ = {isa = PBXFileReference; lastKnownFileType = text.plist.xml; path = Info.plist; sourceTree = "<group>"; };
		D85F49021A93EA29000E7FA9 /* BajaCheckersTests.swift */ = {isa = PBXFileReference; lastKnownFileType = sourcecode.swift; path = BajaCheckersTests.swift; sourceTree = "<group>"; };
		D878CBBF1A9503E200F655B2 /* SelectGameTableViewController.swift */ = {isa = PBXFileReference; fileEncoding = 4; lastKnownFileType = sourcecode.swift; path = SelectGameTableViewController.swift; sourceTree = "<group>"; };
		D878CBC11A95045700F655B2 /* GameTableViewCell.swift */ = {isa = PBXFileReference; fileEncoding = 4; lastKnownFileType = sourcecode.swift; path = GameTableViewCell.swift; sourceTree = "<group>"; };
		D878CBC31A95073C00F655B2 /* BoardView.swift */ = {isa = PBXFileReference; fileEncoding = 4; lastKnownFileType = sourcecode.swift; path = BoardView.swift; sourceTree = "<group>"; };
		D878CBC51A9507C300F655B2 /* GamePiece.swift */ = {isa = PBXFileReference; fileEncoding = 4; lastKnownFileType = sourcecode.swift; path = GamePiece.swift; sourceTree = "<group>"; };
		D878CBC91A95093D00F655B2 /* LoginViewController.swift */ = {isa = PBXFileReference; fileEncoding = 4; lastKnownFileType = sourcecode.swift; path = LoginViewController.swift; sourceTree = "<group>"; };
		D878CBCB1A95190B00F655B2 /* API.swift */ = {isa = PBXFileReference; fileEncoding = 4; lastKnownFileType = sourcecode.swift; path = API.swift; sourceTree = "<group>"; };
		D878CBCF1A96326B00F655B2 /* GameModel.swift */ = {isa = PBXFileReference; fileEncoding = 4; lastKnownFileType = sourcecode.swift; path = GameModel.swift; sourceTree = "<group>"; };
		D878CBD11A96399100F655B2 /* Logic.playground */ = {isa = PBXFileReference; lastKnownFileType = file.playground; path = Logic.playground; sourceTree = "<group>"; };
		D8E8F87E1A97B2EC003EBB5F /* DevelopersTableViewController.swift */ = {isa = PBXFileReference; fileEncoding = 4; lastKnownFileType = sourcecode.swift; path = DevelopersTableViewController.swift; sourceTree = "<group>"; };
/* End PBXFileReference section */

/* Begin PBXFrameworksBuildPhase section */
		D85F48E41A93EA29000E7FA9 /* Frameworks */ = {
			isa = PBXFrameworksBuildPhase;
			buildActionMask = 2147483647;
			files = (
			);
			runOnlyForDeploymentPostprocessing = 0;
		};
		D85F48F91A93EA29000E7FA9 /* Frameworks */ = {
			isa = PBXFrameworksBuildPhase;
			buildActionMask = 2147483647;
			files = (
			);
			runOnlyForDeploymentPostprocessing = 0;
		};
/* End PBXFrameworksBuildPhase section */

/* Begin PBXGroup section */
		D852A5FA1A9414CF00EA64EC /* Models */ = {
			isa = PBXGroup;
			children = (
				D878CBCF1A96326B00F655B2 /* GameModel.swift */,
				D878CBCB1A95190B00F655B2 /* API.swift */,
			);
			name = Models;
			sourceTree = "<group>";
		};
		D852A5FB1A9414FC00EA64EC /* Views */ = {
			isa = PBXGroup;
			children = (
				D852A5FD1A94152C00EA64EC /* CustomButton.swift */,
				D878CBC11A95045700F655B2 /* GameTableViewCell.swift */,
				D878CBC31A95073C00F655B2 /* BoardView.swift */,
				D878CBC51A9507C300F655B2 /* GamePiece.swift */,
			);
			name = Views;
			sourceTree = "<group>";
		};
		D852A5FC1A94150100EA64EC /* Controllers */ = {
			isa = PBXGroup;
			children = (
				D878CBC91A95093D00F655B2 /* LoginViewController.swift */,
				D878CBBF1A9503E200F655B2 /* SelectGameTableViewController.swift */,
				D851FEC31A96776100D05626 /* GameViewController.swift */,
				D8E8F87E1A97B2EC003EBB5F /* DevelopersTableViewController.swift */,
			);
			name = Controllers;
			sourceTree = "<group>";
		};
		D85F48DE1A93EA29000E7FA9 = {
			isa = PBXGroup;
			children = (
				D85F48E91A93EA29000E7FA9 /* BajaCheckers */,
				D85F48FF1A93EA29000E7FA9 /* BajaCheckersTests */,
				D85F48E81A93EA29000E7FA9 /* Products */,
			);
			sourceTree = "<group>";
		};
		D85F48E81A93EA29000E7FA9 /* Products */ = {
			isa = PBXGroup;
			children = (
				D85F48E71A93EA29000E7FA9 /* BajaCheckers.app */,
				D85F48FC1A93EA29000E7FA9 /* BajaCheckersTests.xctest */,
			);
			name = Products;
			sourceTree = "<group>";
		};
		D85F48E91A93EA29000E7FA9 /* BajaCheckers */ = {
			isa = PBXGroup;
			children = (
				D852A5FA1A9414CF00EA64EC /* Models */,
				D852A5FB1A9414FC00EA64EC /* Views */,
				D852A5FC1A94150100EA64EC /* Controllers */,
				D85F48F01A93EA29000E7FA9 /* Main.storyboard */,
				D878CBD11A96399100F655B2 /* Logic.playground */,
				D85F48EA1A93EA29000E7FA9 /* Supporting Files */,
			);
			path = BajaCheckers;
			sourceTree = "<group>";
		};
		D85F48EA1A93EA29000E7FA9 /* Supporting Files */ = {
			isa = PBXGroup;
			children = (
				D85F48EC1A93EA29000E7FA9 /* AppDelegate.swift */,
				D85F48F31A93EA29000E7FA9 /* Images.xcassets */,
				D85F48F51A93EA29000E7FA9 /* LaunchScreen.xib */,
				D85F48EB1A93EA29000E7FA9 /* Info.plist */,
			);
			name = "Supporting Files";
			sourceTree = "<group>";
		};
		D85F48FF1A93EA29000E7FA9 /* BajaCheckersTests */ = {
			isa = PBXGroup;
			children = (
				D85F49021A93EA29000E7FA9 /* BajaCheckersTests.swift */,
				D85F49001A93EA29000E7FA9 /* Supporting Files */,
			);
			path = BajaCheckersTests;
			sourceTree = "<group>";
		};
		D85F49001A93EA29000E7FA9 /* Supporting Files */ = {
			isa = PBXGroup;
			children = (
				D85F49011A93EA29000E7FA9 /* Info.plist */,
			);
			name = "Supporting Files";
			sourceTree = "<group>";
		};
/* End PBXGroup section */

/* Begin PBXNativeTarget section */
		D85F48E61A93EA29000E7FA9 /* BajaCheckers */ = {
			isa = PBXNativeTarget;
			buildConfigurationList = D85F49061A93EA2A000E7FA9 /* Build configuration list for PBXNativeTarget "BajaCheckers" */;
			buildPhases = (
				D85F48E31A93EA29000E7FA9 /* Sources */,
				D85F48E41A93EA29000E7FA9 /* Frameworks */,
				D85F48E51A93EA29000E7FA9 /* Resources */,
			);
			buildRules = (
			);
			dependencies = (
			);
			name = BajaCheckers;
			productName = BajaCheckers;
			productReference = D85F48E71A93EA29000E7FA9 /* BajaCheckers.app */;
			productType = "com.apple.product-type.application";
		};
		D85F48FB1A93EA29000E7FA9 /* BajaCheckersTests */ = {
			isa = PBXNativeTarget;
			buildConfigurationList = D85F49091A93EA2A000E7FA9 /* Build configuration list for PBXNativeTarget "BajaCheckersTests" */;
			buildPhases = (
				D85F48F81A93EA29000E7FA9 /* Sources */,
				D85F48F91A93EA29000E7FA9 /* Frameworks */,
				D85F48FA1A93EA29000E7FA9 /* Resources */,
			);
			buildRules = (
			);
			dependencies = (
				D85F48FE1A93EA29000E7FA9 /* PBXTargetDependency */,
			);
			name = BajaCheckersTests;
			productName = BajaCheckersTests;
			productReference = D85F48FC1A93EA29000E7FA9 /* BajaCheckersTests.xctest */;
			productType = "com.apple.product-type.bundle.unit-test";
		};
/* End PBXNativeTarget section */

/* Begin PBXProject section */
		D85F48DF1A93EA29000E7FA9 /* Project object */ = {
			isa = PBXProject;
			attributes = {
				LastUpgradeCheck = 0610;
				ORGANIZATIONNAME = "Max McChesney";
				TargetAttributes = {
					D85F48E61A93EA29000E7FA9 = {
						CreatedOnToolsVersion = 6.1.1;
					};
					D85F48FB1A93EA29000E7FA9 = {
						CreatedOnToolsVersion = 6.1.1;
						TestTargetID = D85F48E61A93EA29000E7FA9;
					};
				};
			};
			buildConfigurationList = D85F48E21A93EA29000E7FA9 /* Build configuration list for PBXProject "BajaCheckers" */;
			compatibilityVersion = "Xcode 3.2";
			developmentRegion = English;
			hasScannedForEncodings = 0;
			knownRegions = (
				en,
				Base,
			);
			mainGroup = D85F48DE1A93EA29000E7FA9;
			productRefGroup = D85F48E81A93EA29000E7FA9 /* Products */;
			projectDirPath = "";
			projectRoot = "";
			targets = (
				D85F48E61A93EA29000E7FA9 /* BajaCheckers */,
				D85F48FB1A93EA29000E7FA9 /* BajaCheckersTests */,
			);
		};
/* End PBXProject section */

/* Begin PBXResourcesBuildPhase section */
		D85F48E51A93EA29000E7FA9 /* Resources */ = {
			isa = PBXResourcesBuildPhase;
			buildActionMask = 2147483647;
			files = (
				D85F48F21A93EA29000E7FA9 /* Main.storyboard in Resources */,
				D85F48F71A93EA29000E7FA9 /* LaunchScreen.xib in Resources */,
				D85F48F41A93EA29000E7FA9 /* Images.xcassets in Resources */,
			);
			runOnlyForDeploymentPostprocessing = 0;
		};
		D85F48FA1A93EA29000E7FA9 /* Resources */ = {
			isa = PBXResourcesBuildPhase;
			buildActionMask = 2147483647;
			files = (
			);
			runOnlyForDeploymentPostprocessing = 0;
		};
/* End PBXResourcesBuildPhase section */

/* Begin PBXSourcesBuildPhase section */
		D85F48E31A93EA29000E7FA9 /* Sources */ = {
			isa = PBXSourcesBuildPhase;
			buildActionMask = 2147483647;
			files = (
				D851FEC41A96776100D05626 /* GameViewController.swift in Sources */,
				D878CBCA1A95093D00F655B2 /* LoginViewController.swift in Sources */,
				D878CBC21A95045700F655B2 /* GameTableViewCell.swift in Sources */,
				D8E8F87F1A97B2EC003EBB5F /* DevelopersTableViewController.swift in Sources */,
				D878CBD01A96326B00F655B2 /* GameModel.swift in Sources */,
				D85F48ED1A93EA29000E7FA9 /* AppDelegate.swift in Sources */,
				D878CBC41A95073C00F655B2 /* BoardView.swift in Sources */,
				D852A5FE1A94152C00EA64EC /* CustomButton.swift in Sources */,
				D878CBC01A9503E200F655B2 /* SelectGameTableViewController.swift in Sources */,
				D878CBCC1A95190B00F655B2 /* API.swift in Sources */,
				D878CBC61A9507C300F655B2 /* GamePiece.swift in Sources */,
			);
			runOnlyForDeploymentPostprocessing = 0;
		};
		D85F48F81A93EA29000E7FA9 /* Sources */ = {
			isa = PBXSourcesBuildPhase;
			buildActionMask = 2147483647;
			files = (
				D85F49031A93EA29000E7FA9 /* BajaCheckersTests.swift in Sources */,
			);
			runOnlyForDeploymentPostprocessing = 0;
		};
/* End PBXSourcesBuildPhase section */

/* Begin PBXTargetDependency section */
		D85F48FE1A93EA29000E7FA9 /* PBXTargetDependency */ = {
			isa = PBXTargetDependency;
			target = D85F48E61A93EA29000E7FA9 /* BajaCheckers */;
			targetProxy = D85F48FD1A93EA29000E7FA9 /* PBXContainerItemProxy */;
		};
/* End PBXTargetDependency section */

/* Begin PBXVariantGroup section */
		D85F48F01A93EA29000E7FA9 /* Main.storyboard */ = {
			isa = PBXVariantGroup;
			children = (
				D85F48F11A93EA29000E7FA9 /* Base */,
			);
			name = Main.storyboard;
			sourceTree = "<group>";
		};
		D85F48F51A93EA29000E7FA9 /* LaunchScreen.xib */ = {
			isa = PBXVariantGroup;
			children = (
				D85F48F61A93EA29000E7FA9 /* Base */,
			);
			name = LaunchScreen.xib;
			sourceTree = "<group>";
		};
/* End PBXVariantGroup section */

/* Begin XCBuildConfiguration section */
		D85F49041A93EA2A000E7FA9 /* Debug */ = {
			isa = XCBuildConfiguration;
			buildSettings = {
				ALWAYS_SEARCH_USER_PATHS = NO;
				CLANG_CXX_LANGUAGE_STANDARD = "gnu++0x";
				CLANG_CXX_LIBRARY = "libc++";
				CLANG_ENABLE_MODULES = YES;
				CLANG_ENABLE_OBJC_ARC = YES;
				CLANG_WARN_BOOL_CONVERSION = YES;
				CLANG_WARN_CONSTANT_CONVERSION = YES;
				CLANG_WARN_DIRECT_OBJC_ISA_USAGE = YES_ERROR;
				CLANG_WARN_EMPTY_BODY = YES;
				CLANG_WARN_ENUM_CONVERSION = YES;
				CLANG_WARN_INT_CONVERSION = YES;
				CLANG_WARN_OBJC_ROOT_CLASS = YES_ERROR;
				CLANG_WARN_UNREACHABLE_CODE = YES;
				CLANG_WARN__DUPLICATE_METHOD_MATCH = YES;
				"CODE_SIGN_IDENTITY[sdk=iphoneos*]" = "iPhone Developer";
				COPY_PHASE_STRIP = NO;
				ENABLE_STRICT_OBJC_MSGSEND = YES;
				GCC_C_LANGUAGE_STANDARD = gnu99;
				GCC_DYNAMIC_NO_PIC = NO;
				GCC_OPTIMIZATION_LEVEL = 0;
				GCC_PREPROCESSOR_DEFINITIONS = (
					"DEBUG=1",
					"$(inherited)",
				);
				GCC_SYMBOLS_PRIVATE_EXTERN = NO;
				GCC_WARN_64_TO_32_BIT_CONVERSION = YES;
				GCC_WARN_ABOUT_RETURN_TYPE = YES_ERROR;
				GCC_WARN_UNDECLARED_SELECTOR = YES;
				GCC_WARN_UNINITIALIZED_AUTOS = YES_AGGRESSIVE;
				GCC_WARN_UNUSED_FUNCTION = YES;
				GCC_WARN_UNUSED_VARIABLE = YES;
				IPHONEOS_DEPLOYMENT_TARGET = 8.1;
				MTL_ENABLE_DEBUG_INFO = YES;
				ONLY_ACTIVE_ARCH = YES;
				SDKROOT = iphoneos;
				SWIFT_OPTIMIZATION_LEVEL = "-Onone";
			};
			name = Debug;
		};
		D85F49051A93EA2A000E7FA9 /* Release */ = {
			isa = XCBuildConfiguration;
			buildSettings = {
				ALWAYS_SEARCH_USER_PATHS = NO;
				CLANG_CXX_LANGUAGE_STANDARD = "gnu++0x";
				CLANG_CXX_LIBRARY = "libc++";
				CLANG_ENABLE_MODULES = YES;
				CLANG_ENABLE_OBJC_ARC = YES;
				CLANG_WARN_BOOL_CONVERSION = YES;
				CLANG_WARN_CONSTANT_CONVERSION = YES;
				CLANG_WARN_DIRECT_OBJC_ISA_USAGE = YES_ERROR;
				CLANG_WARN_EMPTY_BODY = YES;
				CLANG_WARN_ENUM_CONVERSION = YES;
				CLANG_WARN_INT_CONVERSION = YES;
				CLANG_WARN_OBJC_ROOT_CLASS = YES_ERROR;
				CLANG_WARN_UNREACHABLE_CODE = YES;
				CLANG_WARN__DUPLICATE_METHOD_MATCH = YES;
				"CODE_SIGN_IDENTITY[sdk=iphoneos*]" = "iPhone Developer";
				COPY_PHASE_STRIP = YES;
				ENABLE_NS_ASSERTIONS = NO;
				ENABLE_STRICT_OBJC_MSGSEND = YES;
				GCC_C_LANGUAGE_STANDARD = gnu99;
				GCC_WARN_64_TO_32_BIT_CONVERSION = YES;
				GCC_WARN_ABOUT_RETURN_TYPE = YES_ERROR;
				GCC_WARN_UNDECLARED_SELECTOR = YES;
				GCC_WARN_UNINITIALIZED_AUTOS = YES_AGGRESSIVE;
				GCC_WARN_UNUSED_FUNCTION = YES;
				GCC_WARN_UNUSED_VARIABLE = YES;
				IPHONEOS_DEPLOYMENT_TARGET = 8.1;
				MTL_ENABLE_DEBUG_INFO = NO;
				SDKROOT = iphoneos;
				VALIDATE_PRODUCT = YES;
			};
			name = Release;
		};
		D85F49071A93EA2A000E7FA9 /* Debug */ = {
			isa = XCBuildConfiguration;
			buildSettings = {
				ASSETCATALOG_COMPILER_APPICON_NAME = AppIcon;
				INFOPLIST_FILE = BajaCheckers/Info.plist;
				LD_RUNPATH_SEARCH_PATHS = "$(inherited) @executable_path/Frameworks";
				PRODUCT_NAME = "$(TARGET_NAME)";
			};
			name = Debug;
		};
		D85F49081A93EA2A000E7FA9 /* Release */ = {
			isa = XCBuildConfiguration;
			buildSettings = {
				ASSETCATALOG_COMPILER_APPICON_NAME = AppIcon;
				INFOPLIST_FILE = BajaCheckers/Info.plist;
				LD_RUNPATH_SEARCH_PATHS = "$(inherited) @executable_path/Frameworks";
				PRODUCT_NAME = "$(TARGET_NAME)";
			};
			name = Release;
		};
		D85F490A1A93EA2A000E7FA9 /* Debug */ = {
			isa = XCBuildConfiguration;
			buildSettings = {
				BUNDLE_LOADER = "$(TEST_HOST)";
				FRAMEWORK_SEARCH_PATHS = (
					"$(SDKROOT)/Developer/Library/Frameworks",
					"$(inherited)",
				);
				GCC_PREPROCESSOR_DEFINITIONS = (
					"DEBUG=1",
					"$(inherited)",
				);
				INFOPLIST_FILE = BajaCheckersTests/Info.plist;
				LD_RUNPATH_SEARCH_PATHS = "$(inherited) @executable_path/Frameworks @loader_path/Frameworks";
				PRODUCT_NAME = "$(TARGET_NAME)";
				TEST_HOST = "$(BUILT_PRODUCTS_DIR)/BajaCheckers.app/BajaCheckers";
			};
			name = Debug;
		};
		D85F490B1A93EA2A000E7FA9 /* Release */ = {
			isa = XCBuildConfiguration;
			buildSettings = {
				BUNDLE_LOADER = "$(TEST_HOST)";
				FRAMEWORK_SEARCH_PATHS = (
					"$(SDKROOT)/Developer/Library/Frameworks",
					"$(inherited)",
				);
				INFOPLIST_FILE = BajaCheckersTests/Info.plist;
				LD_RUNPATH_SEARCH_PATHS = "$(inherited) @executable_path/Frameworks @loader_path/Frameworks";
				PRODUCT_NAME = "$(TARGET_NAME)";
				TEST_HOST = "$(BUILT_PRODUCTS_DIR)/BajaCheckers.app/BajaCheckers";
			};
			name = Release;
		};
/* End XCBuildConfiguration section */

/* Begin XCConfigurationList section */
		D85F48E21A93EA29000E7FA9 /* Build configuration list for PBXProject "BajaCheckers" */ = {
			isa = XCConfigurationList;
			buildConfigurations = (
				D85F49041A93EA2A000E7FA9 /* Debug */,
				D85F49051A93EA2A000E7FA9 /* Release */,
			);
			defaultConfigurationIsVisible = 0;
			defaultConfigurationName = Release;
		};
		D85F49061A93EA2A000E7FA9 /* Build configuration list for PBXNativeTarget "BajaCheckers" */ = {
			isa = XCConfigurationList;
			buildConfigurations = (
				D85F49071A93EA2A000E7FA9 /* Debug */,
				D85F49081A93EA2A000E7FA9 /* Release */,
			);
			defaultConfigurationIsVisible = 0;
			defaultConfigurationName = Release;
		};
		D85F49091A93EA2A000E7FA9 /* Build configuration list for PBXNativeTarget "BajaCheckersTests" */ = {
			isa = XCConfigurationList;
			buildConfigurations = (
				D85F490A1A93EA2A000E7FA9 /* Debug */,
				D85F490B1A93EA2A000E7FA9 /* Release */,
			);
			defaultConfigurationIsVisible = 0;
			defaultConfigurationName = Release;
		};
/* End XCConfigurationList section */
	};
	rootObject = D85F48DF1A93EA29000E7FA9 /* Project object */;
}
